
Microsoft Visual Studio Solution File, Format Version 12.00
# Visual Studio Version 17
VisualStudioVersion = 17.8.34330.188
MinimumVisualStudioVersion = 10.0.40219.1
Project("{FAE04EC0-301F-11D3-BF4B-00C04F79EFBC}") = "FeedbackBoard", "FeedbackBoard\FeedbackBoard.csproj", "{3D18DB2A-815F-459D-B72A-BCE4298EC2A6}"
EndProject
Global
	GlobalSection(SolutionConfigurationPlatforms) = preSolution
		Debug|Any CPU = Debug|Any CPU
		Release|Any CPU = Release|Any CPU
	EndGlobalSection
	GlobalSection(ProjectConfigurationPlatforms) = postSolution
		{3D18DB2A-815F-459D-B72A-BCE4298EC2A6}.Debug|Any CPU.ActiveCfg = Debug|Any CPU
		{3D18DB2A-815F-459D-B72A-BCE4298EC2A6}.Debug|Any CPU.Build.0 = Debug|Any CPU
		{3D18DB2A-815F-459D-B72A-BCE4298EC2A6}.Release|Any CPU.ActiveCfg = Release|Any CPU
		{3D18DB2A-815F-459D-B72A-BCE4298EC2A6}.Release|Any CPU.Build.0 = Release|Any CPU
	EndGlobalSection
	GlobalSection(SolutionProperties) = preSolution
		HideSolutionNode = FALSE
	EndGlobalSection
	GlobalSection(ExtensibilityGlobals) = postSolution
		SolutionGuid = {F7ABE23B-8183-4083-B240-A47E01BF2928}
	EndGlobalSection
EndGlobal
